
Microsoft Visual Studio Solution File, Format Version 12.00
# Visual Studio Version 16
VisualStudioVersion = 16.0.29009.5
MinimumVisualStudioVersion = 10.0.40219.1
Project("{2150E333-8FDC-42A3-9474-1A3956D46DE8}") = "src", "src", "{DE3FEB5E-3B00-4082-ABD7-175DEAA13712}"
EndProject
Project("{2150E333-8FDC-42A3-9474-1A3956D46DE8}") = "test", "test", "{F9D05B5D-656B-4565-8408-D6BDE592EDCE}"
EndProject
Project("{9A19103F-16F7-4668-BE54-9A1E7A4F7556}") = "kul.forbes.contracts", "src\kul.forbes.contracts\kul.forbes.contracts.csproj", "{1A2B213C-070A-4AB1-8505-D861C087A3E6}"
EndProject
Project("{9A19103F-16F7-4668-BE54-9A1E7A4F7556}") = "kul.forbes", "src\kul.forbes\kul.forbes.csproj", "{562B0DB1-BC08-4245-9CDC-8F8A2213BB57}"
EndProject
Project("{2150E333-8FDC-42A3-9474-1A3956D46DE8}") = "demos", "demos", "{B3796EF9-8BD0-4F77-848D-332E193DB53B}"
EndProject
Project("{9A19103F-16F7-4668-BE54-9A1E7A4F7556}") = "Rosenbrock", "demos\Rosenbrock\Rosenbrock.csproj", "{DA931990-9649-480D-8ABF-3886250C0409}"
EndProject
Project("{9A19103F-16F7-4668-BE54-9A1E7A4F7556}") = "kul.forbes.helpers.test", "test\kul.forbes.helpers.test\kul.forbes.helpers.test.csproj", "{65CF66F5-34DE-4915-A860-11A41DEFBAED}"
EndProject
Project("{9A19103F-16F7-4668-BE54-9A1E7A4F7556}") = "kul.forbes.entities", "src\kul.forbes.entities\kul.forbes.entities.csproj", "{A3F69CE5-35B8-4BEE-B4A3-8453C8295200}"
EndProject
Project("{9A19103F-16F7-4668-BE54-9A1E7A4F7556}") = "kul.forbes.panocsharp", "src\kul.forbes.panocsharp\kul.forbes.panocsharp.csproj", "{549AEC5B-A5E1-4A43-BE20-24B814E4B753}"
EndProject
Global
	GlobalSection(SolutionConfigurationPlatforms) = preSolution
		Debug|Any CPU = Debug|Any CPU
		Release|Any CPU = Release|Any CPU
	EndGlobalSection
	GlobalSection(ProjectConfigurationPlatforms) = postSolution
		{1A2B213C-070A-4AB1-8505-D861C087A3E6}.Debug|Any CPU.ActiveCfg = Debug|Any CPU
		{1A2B213C-070A-4AB1-8505-D861C087A3E6}.Debug|Any CPU.Build.0 = Debug|Any CPU
		{1A2B213C-070A-4AB1-8505-D861C087A3E6}.Release|Any CPU.ActiveCfg = Release|Any CPU
		{1A2B213C-070A-4AB1-8505-D861C087A3E6}.Release|Any CPU.Build.0 = Release|Any CPU
		{562B0DB1-BC08-4245-9CDC-8F8A2213BB57}.Debug|Any CPU.ActiveCfg = Debug|Any CPU
		{562B0DB1-BC08-4245-9CDC-8F8A2213BB57}.Debug|Any CPU.Build.0 = Debug|Any CPU
		{562B0DB1-BC08-4245-9CDC-8F8A2213BB57}.Release|Any CPU.ActiveCfg = Release|Any CPU
		{562B0DB1-BC08-4245-9CDC-8F8A2213BB57}.Release|Any CPU.Build.0 = Release|Any CPU
		{DA931990-9649-480D-8ABF-3886250C0409}.Debug|Any CPU.ActiveCfg = Debug|Any CPU
		{DA931990-9649-480D-8ABF-3886250C0409}.Debug|Any CPU.Build.0 = Debug|Any CPU
		{DA931990-9649-480D-8ABF-3886250C0409}.Release|Any CPU.ActiveCfg = Release|Any CPU
		{DA931990-9649-480D-8ABF-3886250C0409}.Release|Any CPU.Build.0 = Release|Any CPU
		{65CF66F5-34DE-4915-A860-11A41DEFBAED}.Debug|Any CPU.ActiveCfg = Debug|Any CPU
		{65CF66F5-34DE-4915-A860-11A41DEFBAED}.Debug|Any CPU.Build.0 = Debug|Any CPU
		{65CF66F5-34DE-4915-A860-11A41DEFBAED}.Release|Any CPU.ActiveCfg = Release|Any CPU
		{65CF66F5-34DE-4915-A860-11A41DEFBAED}.Release|Any CPU.Build.0 = Release|Any CPU
		{A3F69CE5-35B8-4BEE-B4A3-8453C8295200}.Debug|Any CPU.ActiveCfg = Debug|Any CPU
		{A3F69CE5-35B8-4BEE-B4A3-8453C8295200}.Debug|Any CPU.Build.0 = Debug|Any CPU
		{A3F69CE5-35B8-4BEE-B4A3-8453C8295200}.Release|Any CPU.ActiveCfg = Release|Any CPU
		{A3F69CE5-35B8-4BEE-B4A3-8453C8295200}.Release|Any CPU.Build.0 = Release|Any CPU
		{549AEC5B-A5E1-4A43-BE20-24B814E4B753}.Debug|Any CPU.ActiveCfg = Debug|Any CPU
		{549AEC5B-A5E1-4A43-BE20-24B814E4B753}.Debug|Any CPU.Build.0 = Debug|Any CPU
		{549AEC5B-A5E1-4A43-BE20-24B814E4B753}.Release|Any CPU.ActiveCfg = Release|Any CPU
		{549AEC5B-A5E1-4A43-BE20-24B814E4B753}.Release|Any CPU.Build.0 = Release|Any CPU
	EndGlobalSection
	GlobalSection(SolutionProperties) = preSolution
		HideSolutionNode = FALSE
	EndGlobalSection
	GlobalSection(NestedProjects) = preSolution
		{1A2B213C-070A-4AB1-8505-D861C087A3E6} = {DE3FEB5E-3B00-4082-ABD7-175DEAA13712}
		{562B0DB1-BC08-4245-9CDC-8F8A2213BB57} = {DE3FEB5E-3B00-4082-ABD7-175DEAA13712}
		{DA931990-9649-480D-8ABF-3886250C0409} = {B3796EF9-8BD0-4F77-848D-332E193DB53B}
		{65CF66F5-34DE-4915-A860-11A41DEFBAED} = {F9D05B5D-656B-4565-8408-D6BDE592EDCE}
		{A3F69CE5-35B8-4BEE-B4A3-8453C8295200} = {DE3FEB5E-3B00-4082-ABD7-175DEAA13712}
		{549AEC5B-A5E1-4A43-BE20-24B814E4B753} = {DE3FEB5E-3B00-4082-ABD7-175DEAA13712}
	EndGlobalSection
	GlobalSection(ExtensibilityGlobals) = postSolution
		SolutionGuid = {DB346C63-DDD8-44E8-BBBD-F676D0D1BD53}
	EndGlobalSection
EndGlobal
